
Microsoft Visual Studio Solution File, Format Version 10.00
# Visual Studio 2008
Project("{8BC9CEB8-8B4A-11D0-8D11-00A0C91BC942}") = "framerate_cap", "framerate_cap\framerate_cap.vcproj", "{22B1C0CE-39B6-4C12-B17D-475EC03AC987}"
EndProject
Global
	GlobalSection(SolutionConfigurationPlatforms) = preSolution
		Debug|Win32 = Debug|Win32
		Release|Win32 = Release|Win32
	EndGlobalSection
	GlobalSection(ProjectConfigurationPlatforms) = postSolution
		{22B1C0CE-39B6-4C12-B17D-475EC03AC987}.Debug|Win32.ActiveCfg = Debug|Win32
		{22B1C0CE-39B6-4C12-B17D-475EC03AC987}.Debug|Win32.Build.0 = Debug|Win32
		{22B1C0CE-39B6-4C12-B17D-475EC03AC987}.Release|Win32.ActiveCfg = Release|Win32
		{22B1C0CE-39B6-4C12-B17D-475EC03AC987}.Release|Win32.Build.0 = Release|Win32
	EndGlobalSection
	GlobalSection(SolutionProperties) = preSolution
		HideSolutionNode = FALSE
	EndGlobalSection
EndGlobal
